
Microsoft Visual Studio Solution File, Format Version 12.00
# Visual Studio Version 17
VisualStudioVersion = 17.13.35825.156 d17.13
MinimumVisualStudioVersion = 10.0.40219.1
Project("{FAE04EC0-301F-11D3-BF4B-00C04F79EFBC}") = "Lab6", "Lab6.csproj", "{5C974C9E-504A-450C-B9F1-6FBF700E081A}"
EndProject
Global
	GlobalSection(SolutionConfigurationPlatforms) = preSolution
		Debug|Any CPU = Debug|Any CPU
		Release|Any CPU = Release|Any CPU
	EndGlobalSection
	GlobalSection(ProjectConfigurationPlatforms) = postSolution
		{5C974C9E-504A-450C-B9F1-6FBF700E081A}.Debug|Any CPU.ActiveCfg = Debug|Any CPU
		{5C974C9E-504A-450C-B9F1-6FBF700E081A}.Debug|Any CPU.Build.0 = Debug|Any CPU
		{5C974C9E-504A-450C-B9F1-6FBF700E081A}.Release|Any CPU.ActiveCfg = Release|Any CPU
		{5C974C9E-504A-450C-B9F1-6FBF700E081A}.Release|Any CPU.Build.0 = Release|Any CPU
	EndGlobalSection
	GlobalSection(SolutionProperties) = preSolution
		HideSolutionNode = FALSE
	EndGlobalSection
	GlobalSection(ExtensibilityGlobals) = postSolution
		SolutionGuid = {3E9E60E2-B6A6-4811-9A93-65E31A879E65}
	EndGlobalSection
EndGlobal
